<?xml version="1.0" encoding="utf-8"?>
<Project ToolsVersion="4.0" xmlns="http://schemas.microsoft.com/developer/msbuild/2003">
  <ItemGroup>
    <ClCompile Include="Source\BuildOrder.cpp" />
    <ClCompile Include="Source\Dll.cpp" />
    <ClCompile Include="Source\LBot.cpp" />
    <ClCompile Include="Source\ArmyManager.cpp" />
    <ClCompile Include="Source\ScoutManager.cpp" />
    <ClCompile Include="Source\WorkerManager.cpp" />
    <ClCompile Include="Source\BuildingManager.cpp" />
    <ClCompile Include="Source\BWEB\Block.cpp">
      <Filter>BWEB</Filter>
    </ClCompile>
    <ClCompile Include="Source\BWEB\BWEB.cpp">
      <Filter>BWEB</Filter>
    </ClCompile>
    <ClCompile Include="Source\BWEB\PathFind.cpp">
      <Filter>BWEB</Filter>
    </ClCompile>
    <ClCompile Include="Source\BWEB\Station.cpp">
      <Filter>BWEB</Filter>
    </ClCompile>
    <ClCompile Include="Source\BWEB\Wall.cpp">
      <Filter>BWEB</Filter>
    </ClCompile>
    <ClCompile Include="Source\BWEMold\src\area.cpp">
      <Filter>BWEMold</Filter>
    </ClCompile>
    <ClCompile Include="Source\BWEMold\src\base.cpp">
      <Filter>BWEMold</Filter>
    </ClCompile>
    <ClCompile Include="Source\BWEMold\src\bwapiExt.cpp">
      <Filter>BWEMold</Filter>
    </ClCompile>
    <ClCompile Include="Source\BWEMold\src\bwem.cpp">
      <Filter>BWEMold</Filter>
    </ClCompile>
    <ClCompile Include="Source\BWEMold\src\cp.cpp">
      <Filter>BWEMold</Filter>
    </ClCompile>
    <ClCompile Include="Source\BWEMold\src\examples.cpp">
      <Filter>BWEMold</Filter>
    </ClCompile>
    <ClCompile Include="Source\BWEMold\src\exampleWall.cpp">
      <Filter>BWEMold</Filter>
    </ClCompile>
    <ClCompile Include="Source\BWEMold\src\graph.cpp">
      <Filter>BWEMold</Filter>
    </ClCompile>
    <ClCompile Include="Source\BWEMold\src\gridMap.cpp">
      <Filter>BWEMold</Filter>
    </ClCompile>
    <ClCompile Include="Source\BWEMold\src\map.cpp">
      <Filter>BWEMold</Filter>
    </ClCompile>
    <ClCompile Include="Source\BWEMold\src\mapDrawer.cpp">
      <Filter>BWEMold</Filter>
    </ClCompile>
    <ClCompile Include="Source\BWEMold\src\mapImpl.cpp">
      <Filter>BWEMold</Filter>
    </ClCompile>
    <ClCompile Include="Source\BWEMold\src\mapPrinter.cpp">
      <Filter>BWEMold</Filter>
    </ClCompile>
    <ClCompile Include="Source\BWEMold\src\neutral.cpp">
      <Filter>BWEMold</Filter>
    </ClCompile>
    <ClCompile Include="Source\BWEMold\src\tiles.cpp">
      <Filter>BWEMold</Filter>
    </ClCompile>
    <ClCompile Include="Source\BWEMold\src\utils.cpp">
      <Filter>BWEMold</Filter>
    </ClCompile>
    <ClCompile Include="Source\BWEMold\src\winutils.cpp">
      <Filter>BWEMold</Filter>
    </ClCompile>
    <ClCompile Include="Source\BWEMold\EasyBMP_1.06\EasyBMP.cpp">
      <Filter>BWEMold</Filter>
    </ClCompile>
  </ItemGroup>
  <ItemGroup>
    <ClInclude Include="Source\BuildOrder.h" />
    <ClInclude Include="Source\LBot.h" />
    <ClInclude Include="Source\ArmyManager.h" />
    <ClInclude Include="Source\ScoutManager.h" />
    <ClInclude Include="Source\WorkerManager.h" />
    <ClInclude Include="Source\BuildingManager.h" />
    <ClInclude Include="Source\BWEB\Block.h">
      <Filter>BWEB</Filter>
    </ClInclude>
    <ClInclude Include="Source\BWEB\BWEB.h">
      <Filter>BWEB</Filter>
    </ClInclude>
    <ClInclude Include="Source\BWEB\JPS.h">
      <Filter>BWEB</Filter>
    </ClInclude>
    <ClInclude Include="Source\BWEB\PathFind.h">
      <Filter>BWEB</Filter>
    </ClInclude>
    <ClInclude Include="Source\BWEB\Station.h">
      <Filter>BWEB</Filter>
    </ClInclude>
    <ClInclude Include="Source\BWEB\Wall.h">
      <Filter>BWEB</Filter>
    </ClInclude>
    <ClInclude Include="Source\BWEMold\src\area.h">
      <Filter>BWEMold</Filter>
    </ClInclude>
    <ClInclude Include="Source\BWEMold\src\base.h">
      <Filter>BWEMold</Filter>
    </ClInclude>
    <ClInclude Include="Source\BWEMold\src\bwapiExt.h">
      <Filter>BWEMold</Filter>
    </ClInclude>
    <ClInclude Include="Source\BWEMold\src\bwem.h">
      <Filter>BWEMold</Filter>
    </ClInclude>
    <ClInclude Include="Source\BWEMold\src\cp.h">
      <Filter>BWEMold</Filter>
    </ClInclude>
    <ClInclude Include="Source\BWEMold\src\defs.h">
      <Filter>BWEMold</Filter>
    </ClInclude>
    <ClInclude Include="Source\BWEMold\src\examples.h">
      <Filter>BWEMold</Filter>
    </ClInclude>
    <ClInclude Include="Source\BWEMold\src\exampleWall.h">
      <Filter>BWEMold</Filter>
    </ClInclude>
    <ClInclude Include="Source\BWEMold\src\graph.h">
      <Filter>BWEMold</Filter>
    </ClInclude>
    <ClInclude Include="Source\BWEMold\src\gridMap.h">
      <Filter>BWEMold</Filter>
    </ClInclude>
    <ClInclude Include="Source\BWEMold\src\map.h">
      <Filter>BWEMold</Filter>
    </ClInclude>
    <ClInclude Include="Source\BWEMold\src\mapDrawer.h">
      <Filter>BWEMold</Filter>
    </ClInclude>
    <ClInclude Include="Source\BWEMold\src\mapImpl.h">
      <Filter>BWEMold</Filter>
    </ClInclude>
    <ClInclude Include="Source\BWEMold\src\mapPrinter.h">
      <Filter>BWEMold</Filter>
    </ClInclude>
    <ClInclude Include="Source\BWEMold\src\neutral.h">
      <Filter>BWEMold</Filter>
    </ClInclude>
    <ClInclude Include="Source\BWEMold\src\tiles.h">
      <Filter>BWEMold</Filter>
    </ClInclude>
    <ClInclude Include="Source\BWEMold\src\utils.h">
      <Filter>BWEMold</Filter>
    </ClInclude>
    <ClInclude Include="Source\BWEMold\src\winutils.h">
      <Filter>BWEMold</Filter>
    </ClInclude>
    <ClInclude Include="Source\BWEMold\EasyBMP_1.06\EasyBMP.h">
      <Filter>BWEMold</Filter>
    </ClInclude>
  </ItemGroup>
  <ItemGroup>
    <Filter Include="BWEB">
      <UniqueIdentifier>{4cfa3931-323b-4f8d-b57f-ad4a69c4a169}</UniqueIdentifier>
    </Filter>
    <Filter Include="BWEMold">
      <UniqueIdentifier>{95613469-3c45-4035-b1c7-c27687ca7a3c}</UniqueIdentifier>
    </Filter>
  </ItemGroup>
</Project>